Microsoft Visual Studio Solution File, Format Version 12.00
# Visual Studio Version 17
VisualStudioVersion = 17.5.2.0
MinimumVisualStudioVersion = 10.0.40219.1
Project("{FAE04EC0-301F-11D3-BF4B-00C04F79EFBC}") = "NovaDrive.Tests", "NovaDrive.Tests.csproj", "{49919ABC-69A4-115A-E9FF-4CB232117964}"
EndProject
Global
	GlobalSection(SolutionConfigurationPlatforms) = preSolution
		Debug|Any CPU = Debug|Any CPU
		Release|Any CPU = Release|Any CPU
	EndGlobalSection
	GlobalSection(ProjectConfigurationPlatforms) = postSolution
		{49919ABC-69A4-115A-E9FF-4CB232117964}.Debug|Any CPU.ActiveCfg = Debug|Any CPU
		{49919ABC-69A4-115A-E9FF-4CB232117964}.Debug|Any CPU.Build.0 = Debug|Any CPU
		{49919ABC-69A4-115A-E9FF-4CB232117964}.Release|Any CPU.ActiveCfg = Release|Any CPU
		{49919ABC-69A4-115A-E9FF-4CB232117964}.Release|Any CPU.Build.0 = Release|Any CPU
	EndGlobalSection
	GlobalSection(SolutionProperties) = preSolution
		HideSolutionNode = FALSE
	EndGlobalSection
	GlobalSection(ExtensibilityGlobals) = postSolution
		SolutionGuid = {DBC8A25F-FD25-44D9-A9A0-9A14FA72A78E}
	EndGlobalSection
EndGlobal
